
Microsoft Visual Studio Solution File, Format Version 12.00
# Visual Studio Version 16
VisualStudioVersion = 16.0.30309.148
MinimumVisualStudioVersion = 10.0.40219.1
Project("{E24C65DC-7377-472B-9ABA-BC803B73C61A}") = "cukcuk", ".", "{86EE39BC-3313-4123-AB13-4ED976EF5153}"
	ProjectSection(WebsiteProperties) = preProject
		TargetFrameworkMoniker = ".NETFramework,Version%3Dv4.0"
		Debug.AspNetCompiler.VirtualPath = "/localhost_51801"
		Debug.AspNetCompiler.PhysicalPath = "..\..\..\Desktop\MISA\cukcuk\"
		Debug.AspNetCompiler.TargetPath = "PrecompiledWeb\localhost_51801\"
		Debug.AspNetCompiler.Updateable = "true"
		Debug.AspNetCompiler.ForceOverwrite = "true"
		Debug.AspNetCompiler.FixedNames = "false"
		Debug.AspNetCompiler.Debug = "True"
		Release.AspNetCompiler.VirtualPath = "/localhost_51801"
		Release.AspNetCompiler.PhysicalPath = "..\..\..\Desktop\MISA\cukcuk\"
		Release.AspNetCompiler.TargetPath = "PrecompiledWeb\localhost_51801\"
		Release.AspNetCompiler.Updateable = "true"
		Release.AspNetCompiler.ForceOverwrite = "true"
		Release.AspNetCompiler.FixedNames = "false"
		Release.AspNetCompiler.Debug = "False"
		VWDPort = "51801"
	EndProjectSection
EndProject
Global
	GlobalSection(SolutionConfigurationPlatforms) = preSolution
		Debug|Any CPU = Debug|Any CPU
	EndGlobalSection
	GlobalSection(ProjectConfigurationPlatforms) = postSolution
		{86EE39BC-3313-4123-AB13-4ED976EF5153}.Debug|Any CPU.ActiveCfg = Debug|Any CPU
		{86EE39BC-3313-4123-AB13-4ED976EF5153}.Debug|Any CPU.Build.0 = Debug|Any CPU
	EndGlobalSection
	GlobalSection(SolutionProperties) = preSolution
		HideSolutionNode = FALSE
	EndGlobalSection
	GlobalSection(ExtensibilityGlobals) = postSolution
		SolutionGuid = {AE2E4CCA-F6DE-40EA-9CC5-05DDDFE864A2}
	EndGlobalSection
EndGlobal
